// !$*UTF8*$!
{
	archiveVersion = 1;
	classes = {
	};
	objectVersion = 46;
	objects = {

/* Begin PBXFileReference section */
		786355DE18C51BB000818957 /* Cochlear_Siegfried_nginx.conf */ = {isa = PBXFileReference; lastKnownFileType = text; name = Cochlear_Siegfried_nginx.conf; path = ../Cochlear_Siegfried_nginx.conf; sourceTree = "<group>"; };
		78776BA118C0DCF80016FE11 /* index.html */ = {isa = PBXFileReference; lastKnownFileType = text.html; name = index.html; path = ../index.html; sourceTree = "<group>"; };
		78776BA218C0DD080016FE11 /* hellotest.py */ = {isa = PBXFileReference; lastKnownFileType = text.script.python; name = hellotest.py; path = ../PythonServer/hellotest.py; sourceTree = "<group>"; };
		78776BA318C0DE160016FE11 /* Cochlear_nginx.conf */ = {isa = PBXFileReference; lastKnownFileType = text; name = Cochlear_nginx.conf; path = ../Cochlear_nginx.conf; sourceTree = "<group>"; };
		78776BA418C0DE370016FE11 /* uwsgi.ini */ = {isa = PBXFileReference; lastKnownFileType = text; name = uwsgi.ini; path = ../PythonServer/uwsgi.ini; sourceTree = "<group>"; };
		78776BA618C0E2170016FE11 /* startUWSGI.sh */ = {isa = PBXFileReference; lastKnownFileType = text.script.sh; name = startUWSGI.sh; path = ../PythonServer/startUWSGI.sh; sourceTree = "<group>"; };
		78776BA718C147A10016FE11 /* index2.html */ = {isa = PBXFileReference; lastKnownFileType = text.html; name = index2.html; path = ../index2.html; sourceTree = "<group>"; };
		78776BA918C4B6320016FE11 /* index.js */ = {isa = PBXFileReference; lastKnownFileType = sourcecode.javascript; name = index.js; path = ../js/index.js; sourceTree = "<group>"; };
		78776BAD18C4D4980016FE11 /* jquery.mask.js */ = {isa = PBXFileReference; lastKnownFileType = sourcecode.javascript; name = jquery.mask.js; path = ../js/jquery.mask.js; sourceTree = "<group>"; };
		78AD4DCC18D91C5500C55834 /* run.py */ = {isa = PBXFileReference; lastKnownFileType = text.script.python; name = run.py; path = ../PythonServer/run.py; sourceTree = "<group>"; };
		78AD4DCD18D91D8900C55834 /* templates.html */ = {isa = PBXFileReference; lastKnownFileType = text.html; name = templates.html; path = ../PythonServer/templates/templates.html; sourceTree = "<group>"; };
		78AD4DCE18D91E0B00C55834 /* views.py */ = {isa = PBXFileReference; lastKnownFileType = text.script.python; name = views.py; path = ../PythonServer/views.py; sourceTree = "<group>"; };
		78AD4DCF18D920AB00C55834 /* controller.py */ = {isa = PBXFileReference; lastKnownFileType = text.script.python; name = controller.py; path = ../PythonServer/controller.py; sourceTree = "<group>"; };
		78AD4DD018DC738300C55834 /* presettemplates.html */ = {isa = PBXFileReference; lastKnownFileType = text.html; name = presettemplates.html; path = ../PythonServer/templates/presettemplates.html; sourceTree = "<group>"; };
		78AD4DD118DC7FE000C55834 /* flowratetemplate.html */ = {isa = PBXFileReference; lastKnownFileType = text.html; name = flowratetemplate.html; path = ../PythonServer/templates/flowratetemplate.html; sourceTree = "<group>"; };
		78AD4DD218DC85A800C55834 /* presets */ = {isa = PBXFileReference; lastKnownFileType = text; name = presets; path = ../PythonServer/presets; sourceTree = "<group>"; };
/* End PBXFileReference section */

/* Begin PBXGroup section */
		78776B9A18C0DCCF0016FE11 = {
			isa = PBXGroup;
			children = (
				78776BAD18C4D4980016FE11 /* jquery.mask.js */,
				78776BA918C4B6320016FE11 /* index.js */,
				78AD4DD218DC85A800C55834 /* presets */,
				786355DE18C51BB000818957 /* Cochlear_Siegfried_nginx.conf */,
				78776BA218C0DD080016FE11 /* hellotest.py */,
				78AD4DCE18D91E0B00C55834 /* views.py */,
				78AD4DCF18D920AB00C55834 /* controller.py */,
				78AD4DCD18D91D8900C55834 /* templates.html */,
				78AD4DD118DC7FE000C55834 /* flowratetemplate.html */,
				78AD4DCC18D91C5500C55834 /* run.py */,
				78776BA618C0E2170016FE11 /* startUWSGI.sh */,
				78776BA318C0DE160016FE11 /* Cochlear_nginx.conf */,
				78776BA418C0DE370016FE11 /* uwsgi.ini */,
				78776BA118C0DCF80016FE11 /* index.html */,
				78AD4DD018DC738300C55834 /* presettemplates.html */,
				78776BA718C147A10016FE11 /* index2.html */,
			);
			sourceTree = "<group>";
		};
/* End PBXGroup section */

/* Begin PBXProject section */
		78776B9B18C0DCCF0016FE11 /* Project object */ = {
			isa = PBXProject;
			attributes = {
				LastUpgradeCheck = 0500;
			};
			buildConfigurationList = 78776B9E18C0DCCF0016FE11 /* Build configuration list for PBXProject "PerfusionController" */;
			compatibilityVersion = "Xcode 3.2";
			developmentRegion = English;
			hasScannedForEncodings = 0;
			knownRegions = (
				en,
			);
			mainGroup = 78776B9A18C0DCCF0016FE11;
			projectDirPath = "";
			projectRoot = "";
			targets = (
			);
		};
/* End PBXProject section */

/* Begin XCBuildConfiguration section */
		78776B9F18C0DCCF0016FE11 /* Debug */ = {
			isa = XCBuildConfiguration;
			buildSettings = {
			};
			name = Debug;
		};
		78776BA018C0DCCF0016FE11 /* Release */ = {
			isa = XCBuildConfiguration;
			buildSettings = {
			};
			name = Release;
		};
/* End XCBuildConfiguration section */

/* Begin XCConfigurationList section */
		78776B9E18C0DCCF0016FE11 /* Build configuration list for PBXProject "PerfusionController" */ = {
			isa = XCConfigurationList;
			buildConfigurations = (
				78776B9F18C0DCCF0016FE11 /* Debug */,
				78776BA018C0DCCF0016FE11 /* Release */,
			);
			defaultConfigurationIsVisible = 0;
			defaultConfigurationName = Release;
		};
/* End XCConfigurationList section */
	};
	rootObject = 78776B9B18C0DCCF0016FE11 /* Project object */;
}
